
Microsoft Visual Studio Solution File, Format Version 12.00
# Visual Studio 2013
VisualStudioVersion = 12.0.40629.0
MinimumVisualStudioVersion = 10.0.40219.1
Project("{FAE04EC0-301F-11D3-BF4B-00C04F79EFBC}") = "Calculator", "Calculator\Calculator.csproj", "{DDED2283-5191-4758-AE49-828C586CCE34}"
EndProject
Project("{FAE04EC0-301F-11D3-BF4B-00C04F79EFBC}") = "CalculatorUnitTest", "CalculatorUnitTest\CalculatorUnitTest.csproj", "{1ECD486D-E0E5-4BC4-BD3F-D14743E47EFB}"
	ProjectSection(ProjectDependencies) = postProject
		{DDED2283-5191-4758-AE49-828C586CCE34} = {DDED2283-5191-4758-AE49-828C586CCE34}
	EndProjectSection
EndProject
Global
	GlobalSection(SolutionConfigurationPlatforms) = preSolution
		Debug|Any CPU = Debug|Any CPU
		Release|Any CPU = Release|Any CPU
	EndGlobalSection
	GlobalSection(ProjectConfigurationPlatforms) = postSolution
		{DDED2283-5191-4758-AE49-828C586CCE34}.Debug|Any CPU.ActiveCfg = Debug|Any CPU
		{DDED2283-5191-4758-AE49-828C586CCE34}.Debug|Any CPU.Build.0 = Debug|Any CPU
		{DDED2283-5191-4758-AE49-828C586CCE34}.Release|Any CPU.ActiveCfg = Release|Any CPU
		{DDED2283-5191-4758-AE49-828C586CCE34}.Release|Any CPU.Build.0 = Release|Any CPU
		{1ECD486D-E0E5-4BC4-BD3F-D14743E47EFB}.Debug|Any CPU.ActiveCfg = Debug|Any CPU
		{1ECD486D-E0E5-4BC4-BD3F-D14743E47EFB}.Debug|Any CPU.Build.0 = Debug|Any CPU
		{1ECD486D-E0E5-4BC4-BD3F-D14743E47EFB}.Release|Any CPU.ActiveCfg = Release|Any CPU
		{1ECD486D-E0E5-4BC4-BD3F-D14743E47EFB}.Release|Any CPU.Build.0 = Release|Any CPU
	EndGlobalSection
	GlobalSection(SolutionProperties) = preSolution
		HideSolutionNode = FALSE
	EndGlobalSection
EndGlobal
